
Microsoft Visual Studio Solution File, Format Version 12.00
# Visual Studio Version 17
VisualStudioVersion = 17.8.34330.188
MinimumVisualStudioVersion = 10.0.40219.1
Project("{8BC9CEB8-8B4A-11D0-8D11-00A0C91BC942}") = "Program", "Program.vcxproj", "{035E2F46-210E-43A9-995A-03085D5270A2}"
EndProject
Project("{8BC9CEB8-8B4A-11D0-8D11-00A0C91BC942}") = "Class1th", "..\Class1th\Class1th.vcxproj", "{9D023073-8C03-4240-93F7-7105CB17CC46}"
EndProject
Project("{8BC9CEB8-8B4A-11D0-8D11-00A0C91BC942}") = "Class2th", "..\Class2th\Class2th.vcxproj", "{DBADE336-08DD-49EF-B662-7AB87CEA3C2F}"
EndProject
Project("{8BC9CEB8-8B4A-11D0-8D11-00A0C91BC942}") = "class3th", "..\class3th\class3th.vcxproj", "{DC49B69D-6EF3-455F-B3BD-7F633C199035}"
EndProject
Project("{8BC9CEB8-8B4A-11D0-8D11-00A0C91BC942}") = "class4th", "..\class4th\class4th.vcxproj", "{160BEDC2-871A-4742-B1A6-0B03B7CA0705}"
EndProject
Project("{8BC9CEB8-8B4A-11D0-8D11-00A0C91BC942}") = "class5th", "..\class5th\class5th.vcxproj", "{317C3E2D-B9BA-4DCC-BC63-21A6981CFADD}"
EndProject
Project("{8BC9CEB8-8B4A-11D0-8D11-00A0C91BC942}") = "Class6th", "..\Class6th\Class6th.vcxproj", "{FAA14C25-C1C4-4856-ACA7-F95DD64F1987}"
EndProject
Project("{8BC9CEB8-8B4A-11D0-8D11-00A0C91BC942}") = "Class7th", "..\Class7th\Class7th.vcxproj", "{CDCBC419-6C45-42D4-83DF-B8B7B1767132}"
EndProject
Project("{8BC9CEB8-8B4A-11D0-8D11-00A0C91BC942}") = "Class8th", "..\Class8th\Class8th.vcxproj", "{88F5FF9C-CC1C-45DD-8D5D-331BA738057A}"
EndProject
Project("{8BC9CEB8-8B4A-11D0-8D11-00A0C91BC942}") = "Class9th", "..\Class9th\Class9th.vcxproj", "{65CE9123-80B3-447F-A764-D535A22F6695}"
EndProject
Project("{8BC9CEB8-8B4A-11D0-8D11-00A0C91BC942}") = "Class10th", "..\Class10th\Class10th.vcxproj", "{527CBC52-D40D-44D4-ADA5-2E35C670683C}"
EndProject
Project("{8BC9CEB8-8B4A-11D0-8D11-00A0C91BC942}") = "Class11th", "..\Class11th\Class11th.vcxproj", "{59324BE8-922A-47C5-B49F-AA6ABD0AE3AB}"
EndProject
Project("{8BC9CEB8-8B4A-11D0-8D11-00A0C91BC942}") = "Class12th", "..\Class12th\Class12th.vcxproj", "{FE361F6F-7AD2-4834-B58F-4DA2966C936C}"
EndProject
Project("{8BC9CEB8-8B4A-11D0-8D11-00A0C91BC942}") = "Class13th", "..\Class13th\Class13th.vcxproj", "{6CCDE9FA-B70F-4E5D-8683-0948D3104990}"
EndProject
Project("{8BC9CEB8-8B4A-11D0-8D11-00A0C91BC942}") = "Class14th", "..\zzzzzzzzzz\zzzzzzzzzz.vcxproj", "{5F4190D5-8184-4F36-9854-F120ACEDF372}"
EndProject
Project("{8BC9CEB8-8B4A-11D0-8D11-00A0C91BC942}") = "Class17th", "..\Class17th\Class17th.vcxproj", "{793C0A4E-8885-4B27-9EA9-5308E5DD944D}"
EndProject
Project("{8BC9CEB8-8B4A-11D0-8D11-00A0C91BC942}") = "Class15th", "..\Class15th\Class15th.vcxproj", "{A4550584-79F2-4E0B-AF3D-59342B7F185A}"
EndProject
Project("{8BC9CEB8-8B4A-11D0-8D11-00A0C91BC942}") = "Class16th", "..\Class16th\Class16th.vcxproj", "{33981B1E-4B7F-4371-85B4-56B3F78431DB}"
EndProject
Project("{8BC9CEB8-8B4A-11D0-8D11-00A0C91BC942}") = "Class18th", "..\Project1\Project1.vcxproj", "{7A7841FA-BDFD-479B-A786-72C063E9E404}"
EndProject
Project("{8BC9CEB8-8B4A-11D0-8D11-00A0C91BC942}") = "Class19th", "..\Class19th\Class19th.vcxproj", "{2DC478D7-83A9-4C23-B11A-CD7E568657B4}"
EndProject
Global
	GlobalSection(SolutionConfigurationPlatforms) = preSolution
		Debug|x64 = Debug|x64
		Debug|x86 = Debug|x86
		Release|x64 = Release|x64
		Release|x86 = Release|x86
	EndGlobalSection
	GlobalSection(ProjectConfigurationPlatforms) = postSolution
		{035E2F46-210E-43A9-995A-03085D5270A2}.Debug|x64.ActiveCfg = Debug|x64
		{035E2F46-210E-43A9-995A-03085D5270A2}.Debug|x64.Build.0 = Debug|x64
		{035E2F46-210E-43A9-995A-03085D5270A2}.Debug|x86.ActiveCfg = Debug|Win32
		{035E2F46-210E-43A9-995A-03085D5270A2}.Debug|x86.Build.0 = Debug|Win32
		{035E2F46-210E-43A9-995A-03085D5270A2}.Release|x64.ActiveCfg = Release|x64
		{035E2F46-210E-43A9-995A-03085D5270A2}.Release|x64.Build.0 = Release|x64
		{035E2F46-210E-43A9-995A-03085D5270A2}.Release|x86.ActiveCfg = Release|Win32
		{035E2F46-210E-43A9-995A-03085D5270A2}.Release|x86.Build.0 = Release|Win32
		{9D023073-8C03-4240-93F7-7105CB17CC46}.Debug|x64.ActiveCfg = Debug|x64
		{9D023073-8C03-4240-93F7-7105CB17CC46}.Debug|x64.Build.0 = Debug|x64
		{9D023073-8C03-4240-93F7-7105CB17CC46}.Debug|x86.ActiveCfg = Debug|Win32
		{9D023073-8C03-4240-93F7-7105CB17CC46}.Debug|x86.Build.0 = Debug|Win32
		{9D023073-8C03-4240-93F7-7105CB17CC46}.Release|x64.ActiveCfg = Release|x64
		{9D023073-8C03-4240-93F7-7105CB17CC46}.Release|x64.Build.0 = Release|x64
		{9D023073-8C03-4240-93F7-7105CB17CC46}.Release|x86.ActiveCfg = Release|Win32
		{9D023073-8C03-4240-93F7-7105CB17CC46}.Release|x86.Build.0 = Release|Win32
		{DBADE336-08DD-49EF-B662-7AB87CEA3C2F}.Debug|x64.ActiveCfg = Debug|x64
		{DBADE336-08DD-49EF-B662-7AB87CEA3C2F}.Debug|x64.Build.0 = Debug|x64
		{DBADE336-08DD-49EF-B662-7AB87CEA3C2F}.Debug|x86.ActiveCfg = Debug|Win32
		{DBADE336-08DD-49EF-B662-7AB87CEA3C2F}.Debug|x86.Build.0 = Debug|Win32
		{DBADE336-08DD-49EF-B662-7AB87CEA3C2F}.Release|x64.ActiveCfg = Release|x64
		{DBADE336-08DD-49EF-B662-7AB87CEA3C2F}.Release|x64.Build.0 = Release|x64
		{DBADE336-08DD-49EF-B662-7AB87CEA3C2F}.Release|x86.ActiveCfg = Release|Win32
		{DBADE336-08DD-49EF-B662-7AB87CEA3C2F}.Release|x86.Build.0 = Release|Win32
		{DC49B69D-6EF3-455F-B3BD-7F633C199035}.Debug|x64.ActiveCfg = Debug|x64
		{DC49B69D-6EF3-455F-B3BD-7F633C199035}.Debug|x64.Build.0 = Debug|x64
		{DC49B69D-6EF3-455F-B3BD-7F633C199035}.Debug|x86.ActiveCfg = Debug|Win32
		{DC49B69D-6EF3-455F-B3BD-7F633C199035}.Debug|x86.Build.0 = Debug|Win32
		{DC49B69D-6EF3-455F-B3BD-7F633C199035}.Release|x64.ActiveCfg = Release|x64
		{DC49B69D-6EF3-455F-B3BD-7F633C199035}.Release|x64.Build.0 = Release|x64
		{DC49B69D-6EF3-455F-B3BD-7F633C199035}.Release|x86.ActiveCfg = Release|Win32
		{DC49B69D-6EF3-455F-B3BD-7F633C199035}.Release|x86.Build.0 = Release|Win32
		{160BEDC2-871A-4742-B1A6-0B03B7CA0705}.Debug|x64.ActiveCfg = Debug|x64
		{160BEDC2-871A-4742-B1A6-0B03B7CA0705}.Debug|x64.Build.0 = Debug|x64
		{160BEDC2-871A-4742-B1A6-0B03B7CA0705}.Debug|x86.ActiveCfg = Debug|Win32
		{160BEDC2-871A-4742-B1A6-0B03B7CA0705}.Debug|x86.Build.0 = Debug|Win32
		{160BEDC2-871A-4742-B1A6-0B03B7CA0705}.Release|x64.ActiveCfg = Release|x64
		{160BEDC2-871A-4742-B1A6-0B03B7CA0705}.Release|x64.Build.0 = Release|x64
		{160BEDC2-871A-4742-B1A6-0B03B7CA0705}.Release|x86.ActiveCfg = Release|Win32
		{160BEDC2-871A-4742-B1A6-0B03B7CA0705}.Release|x86.Build.0 = Release|Win32
		{317C3E2D-B9BA-4DCC-BC63-21A6981CFADD}.Debug|x64.ActiveCfg = Debug|x64
		{317C3E2D-B9BA-4DCC-BC63-21A6981CFADD}.Debug|x64.Build.0 = Debug|x64
		{317C3E2D-B9BA-4DCC-BC63-21A6981CFADD}.Debug|x86.ActiveCfg = Debug|Win32
		{317C3E2D-B9BA-4DCC-BC63-21A6981CFADD}.Debug|x86.Build.0 = Debug|Win32
		{317C3E2D-B9BA-4DCC-BC63-21A6981CFADD}.Release|x64.ActiveCfg = Release|x64
		{317C3E2D-B9BA-4DCC-BC63-21A6981CFADD}.Release|x64.Build.0 = Release|x64
		{317C3E2D-B9BA-4DCC-BC63-21A6981CFADD}.Release|x86.ActiveCfg = Release|Win32
		{317C3E2D-B9BA-4DCC-BC63-21A6981CFADD}.Release|x86.Build.0 = Release|Win32
		{FAA14C25-C1C4-4856-ACA7-F95DD64F1987}.Debug|x64.ActiveCfg = Debug|x64
		{FAA14C25-C1C4-4856-ACA7-F95DD64F1987}.Debug|x64.Build.0 = Debug|x64
		{FAA14C25-C1C4-4856-ACA7-F95DD64F1987}.Debug|x86.ActiveCfg = Debug|Win32
		{FAA14C25-C1C4-4856-ACA7-F95DD64F1987}.Debug|x86.Build.0 = Debug|Win32
		{FAA14C25-C1C4-4856-ACA7-F95DD64F1987}.Release|x64.ActiveCfg = Release|x64
		{FAA14C25-C1C4-4856-ACA7-F95DD64F1987}.Release|x64.Build.0 = Release|x64
		{FAA14C25-C1C4-4856-ACA7-F95DD64F1987}.Release|x86.ActiveCfg = Release|Win32
		{FAA14C25-C1C4-4856-ACA7-F95DD64F1987}.Release|x86.Build.0 = Release|Win32
		{CDCBC419-6C45-42D4-83DF-B8B7B1767132}.Debug|x64.ActiveCfg = Debug|x64
		{CDCBC419-6C45-42D4-83DF-B8B7B1767132}.Debug|x64.Build.0 = Debug|x64
		{CDCBC419-6C45-42D4-83DF-B8B7B1767132}.Debug|x86.ActiveCfg = Debug|Win32
		{CDCBC419-6C45-42D4-83DF-B8B7B1767132}.Debug|x86.Build.0 = Debug|Win32
		{CDCBC419-6C45-42D4-83DF-B8B7B1767132}.Release|x64.ActiveCfg = Release|x64
		{CDCBC419-6C45-42D4-83DF-B8B7B1767132}.Release|x64.Build.0 = Release|x64
		{CDCBC419-6C45-42D4-83DF-B8B7B1767132}.Release|x86.ActiveCfg = Release|Win32
		{CDCBC419-6C45-42D4-83DF-B8B7B1767132}.Release|x86.Build.0 = Release|Win32
		{88F5FF9C-CC1C-45DD-8D5D-331BA738057A}.Debug|x64.ActiveCfg = Debug|x64
		{88F5FF9C-CC1C-45DD-8D5D-331BA738057A}.Debug|x64.Build.0 = Debug|x64
		{88F5FF9C-CC1C-45DD-8D5D-331BA738057A}.Debug|x86.ActiveCfg = Debug|Win32
		{88F5FF9C-CC1C-45DD-8D5D-331BA738057A}.Debug|x86.Build.0 = Debug|Win32
		{88F5FF9C-CC1C-45DD-8D5D-331BA738057A}.Release|x64.ActiveCfg = Release|x64
		{88F5FF9C-CC1C-45DD-8D5D-331BA738057A}.Release|x64.Build.0 = Release|x64
		{88F5FF9C-CC1C-45DD-8D5D-331BA738057A}.Release|x86.ActiveCfg = Release|Win32
		{88F5FF9C-CC1C-45DD-8D5D-331BA738057A}.Release|x86.Build.0 = Release|Win32
		{65CE9123-80B3-447F-A764-D535A22F6695}.Debug|x64.ActiveCfg = Debug|x64
		{65CE9123-80B3-447F-A764-D535A22F6695}.Debug|x64.Build.0 = Debug|x64
		{65CE9123-80B3-447F-A764-D535A22F6695}.Debug|x86.ActiveCfg = Debug|Win32
		{65CE9123-80B3-447F-A764-D535A22F6695}.Debug|x86.Build.0 = Debug|Win32
		{65CE9123-80B3-447F-A764-D535A22F6695}.Release|x64.ActiveCfg = Release|x64
		{65CE9123-80B3-447F-A764-D535A22F6695}.Release|x64.Build.0 = Release|x64
		{65CE9123-80B3-447F-A764-D535A22F6695}.Release|x86.ActiveCfg = Release|Win32
		{65CE9123-80B3-447F-A764-D535A22F6695}.Release|x86.Build.0 = Release|Win32
		{527CBC52-D40D-44D4-ADA5-2E35C670683C}.Debug|x64.ActiveCfg = Debug|x64
		{527CBC52-D40D-44D4-ADA5-2E35C670683C}.Debug|x64.Build.0 = Debug|x64
		{527CBC52-D40D-44D4-ADA5-2E35C670683C}.Debug|x86.ActiveCfg = Debug|Win32
		{527CBC52-D40D-44D4-ADA5-2E35C670683C}.Debug|x86.Build.0 = Debug|Win32
		{527CBC52-D40D-44D4-ADA5-2E35C670683C}.Release|x64.ActiveCfg = Release|x64
		{527CBC52-D40D-44D4-ADA5-2E35C670683C}.Release|x64.Build.0 = Release|x64
		{527CBC52-D40D-44D4-ADA5-2E35C670683C}.Release|x86.ActiveCfg = Release|Win32
		{527CBC52-D40D-44D4-ADA5-2E35C670683C}.Release|x86.Build.0 = Release|Win32
		{59324BE8-922A-47C5-B49F-AA6ABD0AE3AB}.Debug|x64.ActiveCfg = Debug|x64
		{59324BE8-922A-47C5-B49F-AA6ABD0AE3AB}.Debug|x64.Build.0 = Debug|x64
		{59324BE8-922A-47C5-B49F-AA6ABD0AE3AB}.Debug|x86.ActiveCfg = Debug|Win32
		{59324BE8-922A-47C5-B49F-AA6ABD0AE3AB}.Debug|x86.Build.0 = Debug|Win32
		{59324BE8-922A-47C5-B49F-AA6ABD0AE3AB}.Release|x64.ActiveCfg = Release|x64
		{59324BE8-922A-47C5-B49F-AA6ABD0AE3AB}.Release|x64.Build.0 = Release|x64
		{59324BE8-922A-47C5-B49F-AA6ABD0AE3AB}.Release|x86.ActiveCfg = Release|Win32
		{59324BE8-922A-47C5-B49F-AA6ABD0AE3AB}.Release|x86.Build.0 = Release|Win32
		{FE361F6F-7AD2-4834-B58F-4DA2966C936C}.Debug|x64.ActiveCfg = Debug|x64
		{FE361F6F-7AD2-4834-B58F-4DA2966C936C}.Debug|x64.Build.0 = Debug|x64
		{FE361F6F-7AD2-4834-B58F-4DA2966C936C}.Debug|x86.ActiveCfg = Debug|Win32
		{FE361F6F-7AD2-4834-B58F-4DA2966C936C}.Debug|x86.Build.0 = Debug|Win32
		{FE361F6F-7AD2-4834-B58F-4DA2966C936C}.Release|x64.ActiveCfg = Release|x64
		{FE361F6F-7AD2-4834-B58F-4DA2966C936C}.Release|x64.Build.0 = Release|x64
		{FE361F6F-7AD2-4834-B58F-4DA2966C936C}.Release|x86.ActiveCfg = Release|Win32
		{FE361F6F-7AD2-4834-B58F-4DA2966C936C}.Release|x86.Build.0 = Release|Win32
		{6CCDE9FA-B70F-4E5D-8683-0948D3104990}.Debug|x64.ActiveCfg = Debug|x64
		{6CCDE9FA-B70F-4E5D-8683-0948D3104990}.Debug|x64.Build.0 = Debug|x64
		{6CCDE9FA-B70F-4E5D-8683-0948D3104990}.Debug|x86.ActiveCfg = Debug|Win32
		{6CCDE9FA-B70F-4E5D-8683-0948D3104990}.Debug|x86.Build.0 = Debug|Win32
		{6CCDE9FA-B70F-4E5D-8683-0948D3104990}.Release|x64.ActiveCfg = Release|x64
		{6CCDE9FA-B70F-4E5D-8683-0948D3104990}.Release|x64.Build.0 = Release|x64
		{6CCDE9FA-B70F-4E5D-8683-0948D3104990}.Release|x86.ActiveCfg = Release|Win32
		{6CCDE9FA-B70F-4E5D-8683-0948D3104990}.Release|x86.Build.0 = Release|Win32
		{5F4190D5-8184-4F36-9854-F120ACEDF372}.Debug|x64.ActiveCfg = Debug|x64
		{5F4190D5-8184-4F36-9854-F120ACEDF372}.Debug|x64.Build.0 = Debug|x64
		{5F4190D5-8184-4F36-9854-F120ACEDF372}.Debug|x86.ActiveCfg = Debug|Win32
		{5F4190D5-8184-4F36-9854-F120ACEDF372}.Debug|x86.Build.0 = Debug|Win32
		{5F4190D5-8184-4F36-9854-F120ACEDF372}.Release|x64.ActiveCfg = Release|x64
		{5F4190D5-8184-4F36-9854-F120ACEDF372}.Release|x64.Build.0 = Release|x64
		{5F4190D5-8184-4F36-9854-F120ACEDF372}.Release|x86.ActiveCfg = Release|Win32
		{5F4190D5-8184-4F36-9854-F120ACEDF372}.Release|x86.Build.0 = Release|Win32
		{793C0A4E-8885-4B27-9EA9-5308E5DD944D}.Debug|x64.ActiveCfg = Debug|x64
		{793C0A4E-8885-4B27-9EA9-5308E5DD944D}.Debug|x64.Build.0 = Debug|x64
		{793C0A4E-8885-4B27-9EA9-5308E5DD944D}.Debug|x86.ActiveCfg = Debug|Win32
		{793C0A4E-8885-4B27-9EA9-5308E5DD944D}.Debug|x86.Build.0 = Debug|Win32
		{793C0A4E-8885-4B27-9EA9-5308E5DD944D}.Release|x64.ActiveCfg = Release|x64
		{793C0A4E-8885-4B27-9EA9-5308E5DD944D}.Release|x64.Build.0 = Release|x64
		{793C0A4E-8885-4B27-9EA9-5308E5DD944D}.Release|x86.ActiveCfg = Release|Win32
		{793C0A4E-8885-4B27-9EA9-5308E5DD944D}.Release|x86.Build.0 = Release|Win32
		{A4550584-79F2-4E0B-AF3D-59342B7F185A}.Debug|x64.ActiveCfg = Debug|x64
		{A4550584-79F2-4E0B-AF3D-59342B7F185A}.Debug|x64.Build.0 = Debug|x64
		{A4550584-79F2-4E0B-AF3D-59342B7F185A}.Debug|x86.ActiveCfg = Debug|Win32
		{A4550584-79F2-4E0B-AF3D-59342B7F185A}.Debug|x86.Build.0 = Debug|Win32
		{A4550584-79F2-4E0B-AF3D-59342B7F185A}.Release|x64.ActiveCfg = Release|x64
		{A4550584-79F2-4E0B-AF3D-59342B7F185A}.Release|x64.Build.0 = Release|x64
		{A4550584-79F2-4E0B-AF3D-59342B7F185A}.Release|x86.ActiveCfg = Release|Win32
		{A4550584-79F2-4E0B-AF3D-59342B7F185A}.Release|x86.Build.0 = Release|Win32
		{33981B1E-4B7F-4371-85B4-56B3F78431DB}.Debug|x64.ActiveCfg = Debug|x64
		{33981B1E-4B7F-4371-85B4-56B3F78431DB}.Debug|x64.Build.0 = Debug|x64
		{33981B1E-4B7F-4371-85B4-56B3F78431DB}.Debug|x86.ActiveCfg = Debug|Win32
		{33981B1E-4B7F-4371-85B4-56B3F78431DB}.Debug|x86.Build.0 = Debug|Win32
		{33981B1E-4B7F-4371-85B4-56B3F78431DB}.Release|x64.ActiveCfg = Release|x64
		{33981B1E-4B7F-4371-85B4-56B3F78431DB}.Release|x64.Build.0 = Release|x64
		{33981B1E-4B7F-4371-85B4-56B3F78431DB}.Release|x86.ActiveCfg = Release|Win32
		{33981B1E-4B7F-4371-85B4-56B3F78431DB}.Release|x86.Build.0 = Release|Win32
		{7A7841FA-BDFD-479B-A786-72C063E9E404}.Debug|x64.ActiveCfg = Debug|x64
		{7A7841FA-BDFD-479B-A786-72C063E9E404}.Debug|x64.Build.0 = Debug|x64
		{7A7841FA-BDFD-479B-A786-72C063E9E404}.Debug|x86.ActiveCfg = Debug|Win32
		{7A7841FA-BDFD-479B-A786-72C063E9E404}.Debug|x86.Build.0 = Debug|Win32
		{7A7841FA-BDFD-479B-A786-72C063E9E404}.Release|x64.ActiveCfg = Release|x64
		{7A7841FA-BDFD-479B-A786-72C063E9E404}.Release|x64.Build.0 = Release|x64
		{7A7841FA-BDFD-479B-A786-72C063E9E404}.Release|x86.ActiveCfg = Release|Win32
		{7A7841FA-BDFD-479B-A786-72C063E9E404}.Release|x86.Build.0 = Release|Win32
		{2DC478D7-83A9-4C23-B11A-CD7E568657B4}.Debug|x64.ActiveCfg = Debug|x64
		{2DC478D7-83A9-4C23-B11A-CD7E568657B4}.Debug|x64.Build.0 = Debug|x64
		{2DC478D7-83A9-4C23-B11A-CD7E568657B4}.Debug|x86.ActiveCfg = Debug|Win32
		{2DC478D7-83A9-4C23-B11A-CD7E568657B4}.Debug|x86.Build.0 = Debug|Win32
		{2DC478D7-83A9-4C23-B11A-CD7E568657B4}.Release|x64.ActiveCfg = Release|x64
		{2DC478D7-83A9-4C23-B11A-CD7E568657B4}.Release|x64.Build.0 = Release|x64
		{2DC478D7-83A9-4C23-B11A-CD7E568657B4}.Release|x86.ActiveCfg = Release|Win32
		{2DC478D7-83A9-4C23-B11A-CD7E568657B4}.Release|x86.Build.0 = Release|Win32
	EndGlobalSection
	GlobalSection(SolutionProperties) = preSolution
		HideSolutionNode = FALSE
	EndGlobalSection
	GlobalSection(ExtensibilityGlobals) = postSolution
		SolutionGuid = {5F671C79-98B0-4DE2-BF4A-C1DADBCE4E48}
	EndGlobalSection
EndGlobal
